
Microsoft Visual Studio Solution File, Format Version 12.00
# Visual Studio Version 17
VisualStudioVersion = 17.10.35027.167
MinimumVisualStudioVersion = 10.0.40219.1
Project("{FAE04EC0-301F-11D3-BF4B-00C04F79EFBC}") = "API", "API\API.csproj", "{513164A5-811A-4397-9D3A-22A8FA704DF7}"
EndProject
Project("{FAE04EC0-301F-11D3-BF4B-00C04F79EFBC}") = "Core", "Core\Core.csproj", "{9BBC4D80-7CF6-4125-B61B-7B36C69F9499}"
EndProject
Project("{FAE04EC0-301F-11D3-BF4B-00C04F79EFBC}") = "Infrastructure", "Infrastructure\Infrastructure.csproj", "{4A7F667B-CEEF-44C5-B6FD-62520322AD57}"
EndProject
Global
	GlobalSection(SolutionConfigurationPlatforms) = preSolution
		Debug|Any CPU = Debug|Any CPU
		Release|Any CPU = Release|Any CPU
	EndGlobalSection
	GlobalSection(ProjectConfigurationPlatforms) = postSolution
		{513164A5-811A-4397-9D3A-22A8FA704DF7}.Debug|Any CPU.ActiveCfg = Debug|Any CPU
		{513164A5-811A-4397-9D3A-22A8FA704DF7}.Debug|Any CPU.Build.0 = Debug|Any CPU
		{513164A5-811A-4397-9D3A-22A8FA704DF7}.Release|Any CPU.ActiveCfg = Release|Any CPU
		{513164A5-811A-4397-9D3A-22A8FA704DF7}.Release|Any CPU.Build.0 = Release|Any CPU
		{9BBC4D80-7CF6-4125-B61B-7B36C69F9499}.Debug|Any CPU.ActiveCfg = Debug|Any CPU
		{9BBC4D80-7CF6-4125-B61B-7B36C69F9499}.Debug|Any CPU.Build.0 = Debug|Any CPU
		{9BBC4D80-7CF6-4125-B61B-7B36C69F9499}.Release|Any CPU.ActiveCfg = Release|Any CPU
		{9BBC4D80-7CF6-4125-B61B-7B36C69F9499}.Release|Any CPU.Build.0 = Release|Any CPU
		{4A7F667B-CEEF-44C5-B6FD-62520322AD57}.Debug|Any CPU.ActiveCfg = Debug|Any CPU
		{4A7F667B-CEEF-44C5-B6FD-62520322AD57}.Debug|Any CPU.Build.0 = Debug|Any CPU
		{4A7F667B-CEEF-44C5-B6FD-62520322AD57}.Release|Any CPU.ActiveCfg = Release|Any CPU
		{4A7F667B-CEEF-44C5-B6FD-62520322AD57}.Release|Any CPU.Build.0 = Release|Any CPU
	EndGlobalSection
	GlobalSection(SolutionProperties) = preSolution
		HideSolutionNode = FALSE
	EndGlobalSection
	GlobalSection(ExtensibilityGlobals) = postSolution
		SolutionGuid = {35682ADD-C457-4F83-ADFD-AB31428A593F}
	EndGlobalSection
EndGlobal
